
Microsoft Visual Studio Solution File, Format Version 12.00
Project("{FAE04EC0-301F-11D3-BF4B-00C04F79EFBC}") = "Ecommerce.Common.Core", "Ecommerce.Common.Core\Ecommerce.Common.Core.csproj", "{61D472C4-7274-47F6-AE35-EBFC207328D4}"
EndProject
Project("{FAE04EC0-301F-11D3-BF4B-00C04F79EFBC}") = "Ecommerce.Common.Web", "Ecommerce.Common.Web\Ecommerce.Common.Web.csproj", "{02DE9FAA-71AB-44EE-ABB1-32171BC8F36A}"
EndProject
Project("{FAE04EC0-301F-11D3-BF4B-00C04F79EFBC}") = "Ecommerce.Common.Kafka", "Ecommerce.Common.Kafka\Ecommerce.Common.Kafka.csproj", "{730C160A-9846-4C79-BE67-0CF2B01476E2}"
EndProject
Global
	GlobalSection(SolutionConfigurationPlatforms) = preSolution
		Debug|Any CPU = Debug|Any CPU
		Release|Any CPU = Release|Any CPU
	EndGlobalSection
	GlobalSection(ProjectConfigurationPlatforms) = postSolution
		{61D472C4-7274-47F6-AE35-EBFC207328D4}.Debug|Any CPU.ActiveCfg = Debug|Any CPU
		{61D472C4-7274-47F6-AE35-EBFC207328D4}.Debug|Any CPU.Build.0 = Debug|Any CPU
		{61D472C4-7274-47F6-AE35-EBFC207328D4}.Release|Any CPU.ActiveCfg = Release|Any CPU
		{61D472C4-7274-47F6-AE35-EBFC207328D4}.Release|Any CPU.Build.0 = Release|Any CPU
		{02DE9FAA-71AB-44EE-ABB1-32171BC8F36A}.Debug|Any CPU.ActiveCfg = Debug|Any CPU
		{02DE9FAA-71AB-44EE-ABB1-32171BC8F36A}.Debug|Any CPU.Build.0 = Debug|Any CPU
		{02DE9FAA-71AB-44EE-ABB1-32171BC8F36A}.Release|Any CPU.ActiveCfg = Release|Any CPU
		{02DE9FAA-71AB-44EE-ABB1-32171BC8F36A}.Release|Any CPU.Build.0 = Release|Any CPU
		{730C160A-9846-4C79-BE67-0CF2B01476E2}.Debug|Any CPU.ActiveCfg = Debug|Any CPU
		{730C160A-9846-4C79-BE67-0CF2B01476E2}.Debug|Any CPU.Build.0 = Debug|Any CPU
		{730C160A-9846-4C79-BE67-0CF2B01476E2}.Release|Any CPU.ActiveCfg = Release|Any CPU
		{730C160A-9846-4C79-BE67-0CF2B01476E2}.Release|Any CPU.Build.0 = Release|Any CPU
	EndGlobalSection
EndGlobal
