
Microsoft Visual Studio Solution File, Format Version 12.00
Project("{FAE04EC0-301F-11D3-BF4B-00C04F79EFBC}") = "ShoppingCart.Core", "ShoppingCart.Core\ShoppingCart.Core.csproj", "{E6C07CF6-07A3-49BD-8754-E9025DF6DE96}"
EndProject
Project("{FAE04EC0-301F-11D3-BF4B-00C04F79EFBC}") = "ShoppingCart.Application", "ShoppingCart.Application\ShoppingCart.Application.csproj", "{52AD4C29-F06E-4FC6-A28C-32F4A68FE9D6}"
EndProject
Project("{FAE04EC0-301F-11D3-BF4B-00C04F79EFBC}") = "ShoppingCart.Infrastructure", "ShoppingCart.Infrastructure\ShoppingCart.Infrastructure.csproj", "{BC4AEF8E-69FA-498F-9ADA-B68AB09B4B9F}"
EndProject
Project("{FAE04EC0-301F-11D3-BF4B-00C04F79EFBC}") = "ShoppingCart.Test", "ShoppingCart.Test\ShoppingCart.Test.csproj", "{3AA24EEE-AE12-483B-B749-ECEBCD8B3249}"
EndProject
Project("{FAE04EC0-301F-11D3-BF4B-00C04F79EFBC}") = "ShoppingCart.Web", "ShoppingCart.Web\ShoppingCart.Web.csproj", "{E33D1598-FFCB-44CD-9CB7-B49786B93A77}"
EndProject
Project("{FAE04EC0-301F-11D3-BF4B-00C04F79EFBC}") = "ShoppingCart.IntegrationTest", "ShoppingCart.IntegrationTest\ShoppingCart.IntegrationTest.csproj", "{1028A709-7C7E-4F0B-B709-43442A7AA9FF}"
EndProject
Global
	GlobalSection(SolutionConfigurationPlatforms) = preSolution
		Debug|Any CPU = Debug|Any CPU
		Release|Any CPU = Release|Any CPU
	EndGlobalSection
	GlobalSection(ProjectConfigurationPlatforms) = postSolution
		{E6C07CF6-07A3-49BD-8754-E9025DF6DE96}.Debug|Any CPU.ActiveCfg = Debug|Any CPU
		{E6C07CF6-07A3-49BD-8754-E9025DF6DE96}.Debug|Any CPU.Build.0 = Debug|Any CPU
		{E6C07CF6-07A3-49BD-8754-E9025DF6DE96}.Release|Any CPU.ActiveCfg = Release|Any CPU
		{E6C07CF6-07A3-49BD-8754-E9025DF6DE96}.Release|Any CPU.Build.0 = Release|Any CPU
		{52AD4C29-F06E-4FC6-A28C-32F4A68FE9D6}.Debug|Any CPU.ActiveCfg = Debug|Any CPU
		{52AD4C29-F06E-4FC6-A28C-32F4A68FE9D6}.Debug|Any CPU.Build.0 = Debug|Any CPU
		{52AD4C29-F06E-4FC6-A28C-32F4A68FE9D6}.Release|Any CPU.ActiveCfg = Release|Any CPU
		{52AD4C29-F06E-4FC6-A28C-32F4A68FE9D6}.Release|Any CPU.Build.0 = Release|Any CPU
		{BC4AEF8E-69FA-498F-9ADA-B68AB09B4B9F}.Debug|Any CPU.ActiveCfg = Debug|Any CPU
		{BC4AEF8E-69FA-498F-9ADA-B68AB09B4B9F}.Debug|Any CPU.Build.0 = Debug|Any CPU
		{BC4AEF8E-69FA-498F-9ADA-B68AB09B4B9F}.Release|Any CPU.ActiveCfg = Release|Any CPU
		{BC4AEF8E-69FA-498F-9ADA-B68AB09B4B9F}.Release|Any CPU.Build.0 = Release|Any CPU
		{3AA24EEE-AE12-483B-B749-ECEBCD8B3249}.Debug|Any CPU.ActiveCfg = Debug|Any CPU
		{3AA24EEE-AE12-483B-B749-ECEBCD8B3249}.Debug|Any CPU.Build.0 = Debug|Any CPU
		{3AA24EEE-AE12-483B-B749-ECEBCD8B3249}.Release|Any CPU.ActiveCfg = Release|Any CPU
		{3AA24EEE-AE12-483B-B749-ECEBCD8B3249}.Release|Any CPU.Build.0 = Release|Any CPU
		{E33D1598-FFCB-44CD-9CB7-B49786B93A77}.Debug|Any CPU.ActiveCfg = Debug|Any CPU
		{E33D1598-FFCB-44CD-9CB7-B49786B93A77}.Debug|Any CPU.Build.0 = Debug|Any CPU
		{E33D1598-FFCB-44CD-9CB7-B49786B93A77}.Release|Any CPU.ActiveCfg = Release|Any CPU
		{E33D1598-FFCB-44CD-9CB7-B49786B93A77}.Release|Any CPU.Build.0 = Release|Any CPU
		{1028A709-7C7E-4F0B-B709-43442A7AA9FF}.Debug|Any CPU.ActiveCfg = Debug|Any CPU
		{1028A709-7C7E-4F0B-B709-43442A7AA9FF}.Debug|Any CPU.Build.0 = Debug|Any CPU
		{1028A709-7C7E-4F0B-B709-43442A7AA9FF}.Release|Any CPU.ActiveCfg = Release|Any CPU
		{1028A709-7C7E-4F0B-B709-43442A7AA9FF}.Release|Any CPU.Build.0 = Release|Any CPU
	EndGlobalSection
EndGlobal
