
Microsoft Visual Studio Solution File, Format Version 12.00
Project("{FAE04EC0-301F-11D3-BF4B-00C04F79EFBC}") = "Account.Core", "Account.Core\Account.Core.csproj", "{FD6C47D3-1D76-4FB0-B1F7-865245C9D33A}"
EndProject
Project("{FAE04EC0-301F-11D3-BF4B-00C04F79EFBC}") = "Account.Test", "Account.Test\Account.Test.csproj", "{176D3910-6C5C-438E-B077-6CB366208E69}"
EndProject
Global
	GlobalSection(SolutionConfigurationPlatforms) = preSolution
		Debug|Any CPU = Debug|Any CPU
		Release|Any CPU = Release|Any CPU
	EndGlobalSection
	GlobalSection(ProjectConfigurationPlatforms) = postSolution
		{FD6C47D3-1D76-4FB0-B1F7-865245C9D33A}.Debug|Any CPU.ActiveCfg = Debug|Any CPU
		{FD6C47D3-1D76-4FB0-B1F7-865245C9D33A}.Debug|Any CPU.Build.0 = Debug|Any CPU
		{FD6C47D3-1D76-4FB0-B1F7-865245C9D33A}.Release|Any CPU.ActiveCfg = Release|Any CPU
		{FD6C47D3-1D76-4FB0-B1F7-865245C9D33A}.Release|Any CPU.Build.0 = Release|Any CPU
		{176D3910-6C5C-438E-B077-6CB366208E69}.Debug|Any CPU.ActiveCfg = Debug|Any CPU
		{176D3910-6C5C-438E-B077-6CB366208E69}.Debug|Any CPU.Build.0 = Debug|Any CPU
		{176D3910-6C5C-438E-B077-6CB366208E69}.Release|Any CPU.ActiveCfg = Release|Any CPU
		{176D3910-6C5C-438E-B077-6CB366208E69}.Release|Any CPU.Build.0 = Release|Any CPU
	EndGlobalSection
EndGlobal
