
Microsoft Visual Studio Solution File, Format Version 12.00
Project("{FAE04EC0-301F-11D3-BF4B-00C04F79EFBC}") = "Inventory.Core", "Inventory.Core\Inventory.Core.csproj", "{9C5489F0-0B23-43C7-8328-28D3A98EFE97}"
EndProject
Project("{FAE04EC0-301F-11D3-BF4B-00C04F79EFBC}") = "Inventory.Test", "Inventory.Test\Inventory.Test.csproj", "{9CDFDD8F-C9EE-4FA6-A059-FF7B265DF961}"
EndProject
Global
	GlobalSection(SolutionConfigurationPlatforms) = preSolution
		Debug|Any CPU = Debug|Any CPU
		Release|Any CPU = Release|Any CPU
	EndGlobalSection
	GlobalSection(ProjectConfigurationPlatforms) = postSolution
		{9C5489F0-0B23-43C7-8328-28D3A98EFE97}.Debug|Any CPU.ActiveCfg = Debug|Any CPU
		{9C5489F0-0B23-43C7-8328-28D3A98EFE97}.Debug|Any CPU.Build.0 = Debug|Any CPU
		{9C5489F0-0B23-43C7-8328-28D3A98EFE97}.Release|Any CPU.ActiveCfg = Release|Any CPU
		{9C5489F0-0B23-43C7-8328-28D3A98EFE97}.Release|Any CPU.Build.0 = Release|Any CPU
		{9CDFDD8F-C9EE-4FA6-A059-FF7B265DF961}.Debug|Any CPU.ActiveCfg = Debug|Any CPU
		{9CDFDD8F-C9EE-4FA6-A059-FF7B265DF961}.Debug|Any CPU.Build.0 = Debug|Any CPU
		{9CDFDD8F-C9EE-4FA6-A059-FF7B265DF961}.Release|Any CPU.ActiveCfg = Release|Any CPU
		{9CDFDD8F-C9EE-4FA6-A059-FF7B265DF961}.Release|Any CPU.Build.0 = Release|Any CPU
	EndGlobalSection
EndGlobal
