
Microsoft Visual Studio Solution File, Format Version 12.00
Project("{FAE04EC0-301F-11D3-BF4B-00C04F79EFBC}") = "Fulfillment.Test", "Fulfillment.Test\Fulfillment.Test.csproj", "{7A4EF7AE-8EA4-460F-8291-41743D9E114C}"
EndProject
Project("{FAE04EC0-301F-11D3-BF4B-00C04F79EFBC}") = "Fulfillment.Core", "Fulfillment.Core\Fulfillment.Core.csproj", "{FE81F52E-972C-4FBB-90A1-E9396CF55CCC}"
EndProject
Project("{FAE04EC0-301F-11D3-BF4B-00C04F79EFBC}") = "Fulfillment.Application", "Fulfillment.Application\Fulfillment.Application.csproj", "{117E29DF-1DFD-4198-B6DF-A2750E5B1155}"
EndProject
Project("{FAE04EC0-301F-11D3-BF4B-00C04F79EFBC}") = "Fulfillment.Infrastructure", "Fulfillment.Infrastructure\Fulfillment.Infrastructure.csproj", "{80FD6FAC-7797-45A3-B0DD-6A12AA1FA3F0}"
EndProject
Global
	GlobalSection(SolutionConfigurationPlatforms) = preSolution
		Debug|Any CPU = Debug|Any CPU
		Release|Any CPU = Release|Any CPU
	EndGlobalSection
	GlobalSection(ProjectConfigurationPlatforms) = postSolution
		{7A4EF7AE-8EA4-460F-8291-41743D9E114C}.Debug|Any CPU.ActiveCfg = Debug|Any CPU
		{7A4EF7AE-8EA4-460F-8291-41743D9E114C}.Debug|Any CPU.Build.0 = Debug|Any CPU
		{7A4EF7AE-8EA4-460F-8291-41743D9E114C}.Release|Any CPU.ActiveCfg = Release|Any CPU
		{7A4EF7AE-8EA4-460F-8291-41743D9E114C}.Release|Any CPU.Build.0 = Release|Any CPU
		{FE81F52E-972C-4FBB-90A1-E9396CF55CCC}.Debug|Any CPU.ActiveCfg = Debug|Any CPU
		{FE81F52E-972C-4FBB-90A1-E9396CF55CCC}.Debug|Any CPU.Build.0 = Debug|Any CPU
		{FE81F52E-972C-4FBB-90A1-E9396CF55CCC}.Release|Any CPU.ActiveCfg = Release|Any CPU
		{FE81F52E-972C-4FBB-90A1-E9396CF55CCC}.Release|Any CPU.Build.0 = Release|Any CPU
		{117E29DF-1DFD-4198-B6DF-A2750E5B1155}.Debug|Any CPU.ActiveCfg = Debug|Any CPU
		{117E29DF-1DFD-4198-B6DF-A2750E5B1155}.Debug|Any CPU.Build.0 = Debug|Any CPU
		{117E29DF-1DFD-4198-B6DF-A2750E5B1155}.Release|Any CPU.ActiveCfg = Release|Any CPU
		{117E29DF-1DFD-4198-B6DF-A2750E5B1155}.Release|Any CPU.Build.0 = Release|Any CPU
		{80FD6FAC-7797-45A3-B0DD-6A12AA1FA3F0}.Debug|Any CPU.ActiveCfg = Debug|Any CPU
		{80FD6FAC-7797-45A3-B0DD-6A12AA1FA3F0}.Debug|Any CPU.Build.0 = Debug|Any CPU
		{80FD6FAC-7797-45A3-B0DD-6A12AA1FA3F0}.Release|Any CPU.ActiveCfg = Release|Any CPU
		{80FD6FAC-7797-45A3-B0DD-6A12AA1FA3F0}.Release|Any CPU.Build.0 = Release|Any CPU
	EndGlobalSection
EndGlobal
